{
  "name": "testxyz",
  "version": "1.0.0",
  "lockfileVersion": 1,
  "requires": true,
  "dependencies": {
    "xyz": {
      "version": "3.0.0",
      "resolved": "https://registry.npmjs.org/xyz/-/xyz-3.0.0.tgz",
      "integrity": "sha512-Ije7brke8uOiQ9mVNKL5V2WibHgvtWBwsXcl0JhGsE3ZkkjtxgdIahbc7WDsWnVpPib3CnfKQ/mX7bxbT27wJQ=="
    }
  }
}
